
Microsoft Visual Studio Solution File, Format Version 12.00
# Visual Studio 15
VisualStudioVersion = 15.0.26124.0
MinimumVisualStudioVersion = 15.0.26124.0
Project("{2150E333-8FDC-42A3-9474-1A3956D46DE8}") = "src", "src", "{6D8A0553-A1B0-4033-998C-5ECE03B6240C}"
EndProject
Project("{FAE04EC0-301F-11D3-BF4B-00C04F79EFBC}") = "GradeBook", "src\GradeBook\GradeBook.csproj", "{CBB0467C-637A-4409-9939-A5176FE5F588}"
EndProject
Project("{2150E333-8FDC-42A3-9474-1A3956D46DE8}") = "test", "test", "{24BC670C-8172-4BF5-8E1A-851CC2C6D24F}"
EndProject
Project("{FAE04EC0-301F-11D3-BF4B-00C04F79EFBC}") = "Gradebook.Tests", "test\Gradebook.Tests\Gradebook.Tests.csproj", "{BAB77776-26BF-47BE-BC34-371097E1D9F6}"
EndProject
Global
	GlobalSection(SolutionConfigurationPlatforms) = preSolution
		Debug|Any CPU = Debug|Any CPU
		Debug|x64 = Debug|x64
		Debug|x86 = Debug|x86
		Release|Any CPU = Release|Any CPU
		Release|x64 = Release|x64
		Release|x86 = Release|x86
	EndGlobalSection
	GlobalSection(SolutionProperties) = preSolution
		HideSolutionNode = FALSE
	EndGlobalSection
	GlobalSection(ProjectConfigurationPlatforms) = postSolution
		{CBB0467C-637A-4409-9939-A5176FE5F588}.Debug|Any CPU.ActiveCfg = Debug|Any CPU
		{CBB0467C-637A-4409-9939-A5176FE5F588}.Debug|Any CPU.Build.0 = Debug|Any CPU
		{CBB0467C-637A-4409-9939-A5176FE5F588}.Debug|x64.ActiveCfg = Debug|Any CPU
		{CBB0467C-637A-4409-9939-A5176FE5F588}.Debug|x64.Build.0 = Debug|Any CPU
		{CBB0467C-637A-4409-9939-A5176FE5F588}.Debug|x86.ActiveCfg = Debug|Any CPU
		{CBB0467C-637A-4409-9939-A5176FE5F588}.Debug|x86.Build.0 = Debug|Any CPU
		{CBB0467C-637A-4409-9939-A5176FE5F588}.Release|Any CPU.ActiveCfg = Release|Any CPU
		{CBB0467C-637A-4409-9939-A5176FE5F588}.Release|Any CPU.Build.0 = Release|Any CPU
		{CBB0467C-637A-4409-9939-A5176FE5F588}.Release|x64.ActiveCfg = Release|Any CPU
		{CBB0467C-637A-4409-9939-A5176FE5F588}.Release|x64.Build.0 = Release|Any CPU
		{CBB0467C-637A-4409-9939-A5176FE5F588}.Release|x86.ActiveCfg = Release|Any CPU
		{CBB0467C-637A-4409-9939-A5176FE5F588}.Release|x86.Build.0 = Release|Any CPU
		{BAB77776-26BF-47BE-BC34-371097E1D9F6}.Debug|Any CPU.ActiveCfg = Debug|Any CPU
		{BAB77776-26BF-47BE-BC34-371097E1D9F6}.Debug|Any CPU.Build.0 = Debug|Any CPU
		{BAB77776-26BF-47BE-BC34-371097E1D9F6}.Debug|x64.ActiveCfg = Debug|Any CPU
		{BAB77776-26BF-47BE-BC34-371097E1D9F6}.Debug|x64.Build.0 = Debug|Any CPU
		{BAB77776-26BF-47BE-BC34-371097E1D9F6}.Debug|x86.ActiveCfg = Debug|Any CPU
		{BAB77776-26BF-47BE-BC34-371097E1D9F6}.Debug|x86.Build.0 = Debug|Any CPU
		{BAB77776-26BF-47BE-BC34-371097E1D9F6}.Release|Any CPU.ActiveCfg = Release|Any CPU
		{BAB77776-26BF-47BE-BC34-371097E1D9F6}.Release|Any CPU.Build.0 = Release|Any CPU
		{BAB77776-26BF-47BE-BC34-371097E1D9F6}.Release|x64.ActiveCfg = Release|Any CPU
		{BAB77776-26BF-47BE-BC34-371097E1D9F6}.Release|x64.Build.0 = Release|Any CPU
		{BAB77776-26BF-47BE-BC34-371097E1D9F6}.Release|x86.ActiveCfg = Release|Any CPU
		{BAB77776-26BF-47BE-BC34-371097E1D9F6}.Release|x86.Build.0 = Release|Any CPU
	EndGlobalSection
	GlobalSection(NestedProjects) = preSolution
		{CBB0467C-637A-4409-9939-A5176FE5F588} = {6D8A0553-A1B0-4033-998C-5ECE03B6240C}
		{BAB77776-26BF-47BE-BC34-371097E1D9F6} = {24BC670C-8172-4BF5-8E1A-851CC2C6D24F}
	EndGlobalSection
EndGlobal
